github.com/Baidu-AIP/golang-sdk v1.1.1 h1:RQsAmgDSAkiq22I6n7XJ2t3afgzFeqjY46FGhvrx4cw=
github.com/Baidu-AIP/golang-sdk v1.1.1/go.mod h1:bXnGw7xPeKt8aF7UCELKrV6UZ/46spItONK1RQBQj1Y=
github.com/BurntSushi/xgb v0.0.0-20160522181843-27f122750802/go.mod h1:IVnqGOEym/WlBOVXweHU+Q+/VP0lqqI8lqeDx9IjBqo=
github.com/Coloured-glaze/gg v1.3.4 h1:l31zIF/HaVwkzjrj+A56RGQoSKyKuR1IWtIrqXGFStI=
github.com/Coloured-glaze/gg v1.3.4/go.mod h1:Ih5NLNNDHOy3RJbB0EPqGTreIzq/H02TGThIagh8HJg=
github.com/DATA-DOG/go-sqlmock v1.3.3/go.mod h1:f/Ixk793poVmq4qj/V1dPUg2JEAKC73Q5eFN3EC/SaM=
github.com/FloatTech/AnimeAPI v1.6.1-0.20221121151451-9c3b88bc325d h1:CCT9Ab9cs4StPOTjuRN5YeDNWIkLfMnYgb7s1vcyfK8=
github.com/FloatTech/AnimeAPI v1.6.1-0.20221121151451-9c3b88bc325d/go.mod h1:8u8x5GEZsRh4wXdpAxO1Tdp0CA/3kUZ1SMSS44/nqFw=
github.com/FloatTech/floatbox v0.0.0-20221121151328-cac4af114b44 h1:/Er1NIsb3giFG0rQqA2TO1JkN8TTBDRcmaektAvEfK8=
github.com/FloatTech/floatbox v0.0.0-20221121151328-cac4af114b44/go.mod h1:DUd62cKBBLBK+8HEABQ6hM2bfZ3TMLOAMKaf1R2w7Pw=
github.com/FloatTech/rendercard v0.0.2-0.20221116145901-79858ddd4cad h1:Bidfkufddy52ywvjCpXwSnZqgcQgv7xF1rBDZYhbSOc=
github.com/FloatTech/rendercard v0.0.2-0.20221116145901-79858ddd4cad/go.mod h1:e2M5OWspdblwq182zbVgRefiOc+gXtB1XzTW/2z86/I=
github.com/FloatTech/sqlite v0.5.1 h1:IjTdnqMVIVIoIEFXhvh/KKBfYxFvG0tk7Rghz65/DAU=
github.com/FloatTech/sqlite v0.5.1/go.mod h1:i33d92OtR8jcp5fBUvQtospf27+MkfUxnGwnZ95E/dA=
github.com/FloatTech/ttl v0.0.0-20220715042055-15612be72f5b h1:tvciXWq2nuvTbFeJGLDNIdRX3BI546D3O7k7vrVueZw=
github.com/FloatTech/ttl v0.0.0-20220715042055-15612be72f5b/go.mod h1:fHZFWGquNXuHttu9dUYoKuNbm3dzLETnIOnm1muSfDs=
github.com/FloatTech/zbpctrl v1.5.3-0.20221110070900-b2888434e9fc h1:jNHQsG7kKKkRwey4u9XpQIIBfNXX3SLBCeiTyjhBRQc=
github.com/FloatTech/zbpctrl v1.5.3-0.20221110070900-b2888434e9fc/go.mod h1:zfrIWujK6ORPhOuUUzeKGNOLGI/XXz+78FRHRF9zEFo=
github.com/FloatTech/zbputils v1.6.1-0.20221121151417-290a1a584dd0 h1:0AnaF4d7BCMfdeozhaQvHF2Jr8lYkm7J65FzWIETGsc=
github.com/FloatTech/zbputils v1.6.1-0.20221121151417-290a1a584dd0/go.mod h1:7Nydmv+4LXfsjy6fxan7z0nK7kzQ7C0NvXR7nVDQa48=
github.com/PuerkitoBio/goquery v1.5.1/go.mod h1:GsLWisAFVj4WgDibEWF4pvYnkVQBpKBKeU+7zCJoLcc=
github.com/RomiChan/syncx v0.0.0-20220404072119-d7ea0ae15a4c h1:cNPOdTNiVwxLpROLjXCgbIPvdkE+BwvxDvgmdYmWx6Q=
github.com/RomiChan/syncx v0.0.0-20220404072119-d7ea0ae15a4c/go.mod h1:KqZzu7slNKROh3TSYEH/IUMG6f4M+1qubZ5e52QypsE=
github.com/RomiChan/websocket v1.4.3-0.20220123145318-307a86b127bc h1:AAx50/fb/xS4lvsdQg+bFbGvqSDhyV1MF+p2PLCamZ0=
github.com/RomiChan/websocket v1.4.3-0.20220123145318-307a86b127bc/go.mod h1:OMmITAib6POA37xCichWM0aRnoVpSMZO1rB/G01wrr0=
github.com/andybalholm/cascadia v1.1.0/go.mod h1:GsXiBklL0woXo1j/WYWtSYYC4ouU9PqHO0sqidkEA4Y=
github.com/antchfx/htmlquery v1.2.5 h1:1lXnx46/1wtv1E/kzmH8vrfMuUKYgkdDBA9pIdMJnk4=
github.com/antchfx/htmlquery v1.2.5/go.mod h1:2MCVBzYVafPBmKbrmwB9F5xdd+IEgRY61ci2oOsOQVw=
github.com/antchfx/xpath v1.2.1 h1:qhp4EW6aCOVr5XIkT+l6LJ9ck/JsUH/yyauNgTQkBF8=
github.com/antchfx/xpath v1.2.1/go.mod h1:i54GszH55fYfBmoZXapTHN8T8tkcHfRgLyVwwqzXNcs=
github.com/corona10/goimagehash v1.1.0 h1:teNMX/1e+Wn/AYSbLHX8mj+mF9r60R1kBeqE9MkoYwI=
github.com/corona10/goimagehash v1.1.0/go.mod h1:VkvE0mLn84L4aF8vCb6mafVajEb6QYMHl2ZJLn0mOGI=
github.com/d4l3k/messagediff v1.2.2-0.20190829033028-7e0a312ae40b/go.mod h1:Oozbb1TVXFac9FtSIxHBMnBCq2qeH/2KkEQxENCrlLo=
github.com/davecgh/go-spew v1.1.0/go.mod h1:J7Y8YcW2NihsgmVo/mv3lAwl/skON4iLHjSsI+c5H38=
github.com/davecgh/go-spew v1.1.1 h1:vj9j/u1bqnvCEfJOwUhtlOARqs3+rkHYY13jYWTU97c=
github.com/davecgh/go-spew v1.1.1/go.mod h1:J7Y8YcW2NihsgmVo/mv3lAwl/skON4iLHjSsI+c5H38=
github.com/denisenkom/go-mssqldb v0.0.0-20191124224453-732737034ffd h1:83Wprp6ROGeiHFAP8WJdI2RoxALQYgdllERc3N5N2DM=
github.com/denisenkom/go-mssqldb v0.0.0-20191124224453-732737034ffd/go.mod h1:xbL0rPBG9cCiLr28tMa8zpbdarY27NDyej4t/EjAShU=
github.com/disintegration/imaging v1.6.2 h1:w1LecBlG2Lnp8B3jk5zSuNqd7b4DXhcjwek1ei82L+c=
github.com/disintegration/imaging v1.6.2/go.mod h1:44/5580QXChDfwIclfc/PCwrr44amcmDAg8hxG0Ewe4=
github.com/dustin/go-humanize v1.0.0/go.mod h1:HtrtbFcZ19U5GC7JDqmcUSB87Iq5E25KnS6fMYU6eOk=
github.com/ericpauley/go-quantize v0.0.0-20200331213906-ae555eb2afa4 h1:BBade+JlV/f7JstZ4pitd4tHhpN+w+6I+LyOS7B4fyU=
github.com/ericpauley/go-quantize v0.0.0-20200331213906-ae555eb2afa4/go.mod h1:H7chHJglrhPPzetLdzBleF8d22WYOv7UM/lEKYiwlKM=
github.com/erikstmartin/go-testdb v0.0.0-20160219214506-8d10e4a1bae5 h1:Yzb9+7DPaBjB8zlTR87/ElzFsnQfuHnVUVqpZZIcV5Y=
github.com/erikstmartin/go-testdb v0.0.0-20160219214506-8d10e4a1bae5/go.mod h1:a2zkGnVExMxdzMo3M0Hi/3sEU+cWnZpSni0O6/Yb/P0=
github.com/faiface/beep v1.1.0 h1:A2gWP6xf5Rh7RG/p9/VAW2jRSDEGQm5sbOb38sf5d4c=
github.com/faiface/beep v1.1.0/go.mod h1:6I8p6kK2q4opL/eWb+kAkk38ehnTunWeToJB+s51sT4=
github.com/fsnotify/fsnotify v1.4.7/go.mod h1:jwhsz4b93w/PPRr/qN1Yymfu8t87LnFCMoQvtojpjFo=
github.com/fsnotify/fsnotify v1.4.9 h1:hsms1Qyu0jgnwNXIxa+/V/PDsU6CfLf6CNO8H7IWoS4=
github.com/fsnotify/fsnotify v1.4.9/go.mod h1:znqG4EE+3YCdAaPaxE2ZRY/06pZUdp0tY4IgpuI1SZQ=
github.com/fumiama/ahsai v0.1.0 h1:LXD61Kaj6kJHa3AEGsLIfKNzcgaVxg7JB72OR4yNNZ4=
github.com/fumiama/ahsai v0.1.0/go.mod h1:fFeNnqgo44i8FIaguK659aQryuZeFy+4klYLQu/rfdk=
github.com/fumiama/cron v1.3.0 h1:ZWlwuexF+HQHl3cYytEE5HNwD99q+3vNZF1GrEiXCFo=
github.com/fumiama/cron v1.3.0/go.mod h1:bz5Izvgi/xEUI8tlBN8BI2jr9Moo8N4or0KV8xXuPDY=
github.com/fumiama/go-base16384 v1.6.1 h1:4yb4JgmBJDnQtq3XGXXdLrVwEnRpjhMUt4eAcsNeA30=
github.com/fumiama/go-base16384 v1.6.1/go.mod h1:OEn+947GV5gsbTAnyuUW/SrfxJYUdYupSIQXOuGOcXM=
github.com/fumiama/go-registry v0.2.5-0.20221121111817-44b0846bdce6 h1:rCvtE5Qcj6HVJICbDC7SOmIl4QnkAKSNt5/wJ/AO4wo=
github.com/fumiama/go-registry v0.2.5-0.20221121111817-44b0846bdce6/go.mod h1:GP45kejHuDLFxcWdksrt75r5rHBqYwtfeUl3JzGWxfQ=
github.com/fumiama/go-simple-protobuf v0.1.0 h1:rLzJgNqB6LHNDVMl81yyNt6ZKziWtVfu+ioF0edlEVw=
github.com/fumiama/go-simple-protobuf v0.1.0/go.mod h1:5yYNapXq1tQMOZg9bOIVhQlZk9pQqpuFIO4DZLbsdy4=
github.com/fumiama/gofastTEA v0.0.10 h1:JJJ+brWD4kie+mmK2TkspDXKzqq0IjXm89aGYfoGhhQ=
github.com/fumiama/gofastTEA v0.0.10/go.mod h1:RIdbYZyB4MbH6ZBlPymRaXn3cD6SedlCu5W/HHfMPBk=
github.com/fumiama/gotracemoe v0.0.3 h1:iI5EbE9A3UUbfukG6+/soYPjp1S31eCNYf4tw7s6/Jc=
github.com/fumiama/gotracemoe v0.0.3/go.mod h1:tyqahdUzHf0bQIAVY/GYmDWvYYe5ik1ZbhnGYh+zl40=
github.com/fumiama/sqlite3 v1.14.6 h1:+e+iygyiDXQJVi7xeXIviBvR7hAc5y20WA9hRwfKn10=
github.com/fumiama/sqlite3 v1.14.6/go.mod h1:Xx9a2/OtHuy9pBjow0N+bE/RhNeZ7zZz5xh25vqbA5A=
github.com/fumiama/unibase2n v0.0.0-20221003115227-e7db987de949 h1:VAzR8aoS2SCEBmRF9rqCPyXgXoP8mZ1viNL4mLWUg0Q=
github.com/fumiama/unibase2n v0.0.0-20221003115227-e7db987de949/go.mod h1:lEaZsT4FRSqcjnQ5q8y+mkenkzR/r1D3BJmfdp0vqDg=
github.com/gabriel-vasile/mimetype v1.0.4 h1:uBejfH8l3/2f+5vjl1e4xIaSyNEhRBZ5N/ij7ohpNd8=
github.com/gabriel-vasile/mimetype v1.0.4/go.mod h1:6CDPel/o/3/s4+bp6kIbsWATq8pmgOisOPG40CJa6To=
github.com/gdamore/encoding v1.0.0/go.mod h1:alR0ol34c49FCSBLjhosxzcPHQbf2trDkoo5dl+VrEg=
github.com/gdamore/tcell v1.3.0/go.mod h1:Hjvr+Ofd+gLglo7RYKxxnzCBmev3BzsS67MebKS4zMM=
github.com/go-audio/audio v1.0.0/go.mod h1:6uAu0+H2lHkwdGsAY+j2wHPNPpPoeg5AaEFh9FlA+Zs=
github.com/go-audio/riff v1.0.0/go.mod h1:l3cQwc85y79NQFCRB7TiPoNiaijp6q8Z0Uv38rVG498=
github.com/go-audio/wav v1.0.0/go.mod h1:3yoReyQOsiARkvPl3ERCi8JFjihzG6WhjYpZCf5zAWE=
github.com/go-ole/go-ole v1.2.6 h1:/Fpf6oFPoeFik9ty7siob0G6Ke8QvQEuVcuChpwXzpY=
github.com/go-ole/go-ole v1.2.6/go.mod h1:pprOEPIfldk/42T2oK7lQ4v4JSDwmV0As9GaiUsvbm0=
github.com/go-playground/assert/v2 v2.2.0 h1:JvknZsQTYeFEAhQwI4qEt9cyV5ONwRHC+lYKSsYSR8s=
github.com/go-sql-driver/mysql v1.5.0 h1:ozyZYNQW3x3HtqT1jira07DN2PArx2v7/mN66gGcHOs=
github.com/go-sql-driver/mysql v1.5.0/go.mod h1:DCzpHaOWr8IXmIStZouvnhqoel9Qv2LBy8hT2VhHyBg=
github.com/go-task/slim-sprig v0.0.0-20210107165309-348f09dbbbc0 h1:p104kn46Q8WdvHunIJ9dAyjPVtrBPhSr3KT2yUst43I=
github.com/go-task/slim-sprig v0.0.0-20210107165309-348f09dbbbc0/go.mod h1:fyg7847qk6SyHyPtNmDHnmrv/HOrqktSC+C9fM+CJOE=
github.com/golang-sql/civil v0.0.0-20190719163853-cb61b32ac6fe h1:lXe2qZdvpiX5WZkZR4hgp4KJVfY3nMkvmwbVkpv1rVY=
github.com/golang-sql/civil v0.0.0-20190719163853-cb61b32ac6fe/go.mod h1:8vg3r2VgvsThLBIFL93Qb5yWzgyZWhEmBwUJWevAkK0=
github.com/golang/freetype v0.0.0-20170609003504-e2365dfdc4a0 h1:DACJavvAHhabrF08vX0COfcOBJRhZ8lUbR+ZWIs0Y5g=
github.com/golang/freetype v0.0.0-20170609003504-e2365dfdc4a0/go.mod h1:E/TSTwGwJL78qG/PmXZO1EjYhfJinVAhrmmHX6Z8B9k=
github.com/golang/groupcache v0.0.0-20200121045136-8c9f03a8e57e h1:1r7pUrabqp18hOBcwBwiTsbnFeTZHV9eER/QT5JVZxY=
github.com/golang/groupcache v0.0.0-20200121045136-8c9f03a8e57e/go.mod h1:cIg4eruTrX1D+g88fzRXU5OdNfaM+9IcxsU14FzY7Hc=
github.com/golang/mock v1.6.0 h1:ErTB+efbowRARo13NNdxyJji2egdxLGQhRaY+DUumQc=
github.com/golang/mock v1.6.0/go.mod h1:p6yTPP+5HYm5mzsMV8JkE6ZKdX+/wYM6Hr+LicevLPs=
github.com/golang/protobuf v1.2.0/go.mod h1:6lQm79b+lXiMfvg/cZm0SGofjICqVBUtrP5yJMmIC1U=
github.com/golang/protobuf v1.4.0-rc.1/go.mod h1:ceaxUfeHdC40wWswd/P6IGgMaK3YpKi5j83Wpe3EHw8=
github.com/golang/protobuf v1.4.0-rc.1.0.20200221234624-67d41d38c208/go.mod h1:xKAWHe0F5eneWXFV3EuXVDTCmh+JuBKY0li0aMyXATA=
github.com/golang/protobuf v1.4.0-rc.2/go.mod h1:LlEzMj4AhA7rCAGe4KMBDvJI+AwstrUpVNzEA03Pprs=
github.com/golang/protobuf v1.4.0-rc.4.0.20200313231945-b860323f09d0/go.mod h1:WU3c8KckQ9AFe+yFwt9sWVRKCVIyN9cPHBJSNnbL67w=
github.com/golang/protobuf v1.4.0/go.mod h1:jodUvKwWbYaEsadDk5Fwe5c77LiNKVO9IDvqG2KuDX0=
github.com/golang/protobuf v1.4.2 h1:+Z5KGCizgyZCbGh1KZqA0fcLLkwbsjIzS4aV2v7wJX0=
github.com/golang/protobuf v1.4.2/go.mod h1:oDoupMAO8OvCJWAcko0GGGIgR6R6ocIYbsSw735rRwI=
github.com/google/go-cmp v0.3.0/go.mod h1:8QqcDgzrUqlUb/G2PQTWiueGozuR1884gddMywk6iLU=
github.com/google/go-cmp v0.3.1/go.mod h1:8QqcDgzrUqlUb/G2PQTWiueGozuR1884gddMywk6iLU=
github.com/google/go-cmp v0.4.0/go.mod h1:v8dTdLbMG2kIc/vJvl+f65V22dbkXbowE6jgT/gNBxE=
github.com/google/go-cmp v0.5.3/go.mod h1:v8dTdLbMG2kIc/vJvl+f65V22dbkXbowE6jgT/gNBxE=
github.com/google/go-cmp v0.5.6/go.mod h1:v8dTdLbMG2kIc/vJvl+f65V22dbkXbowE6jgT/gNBxE=
github.com/google/go-cmp v0.5.8 h1:e6P7q2lk1O+qJJb4BtCQXlK8vWEO8V1ZeuEdJNOqZyg=
github.com/google/go-cmp v0.5.8/go.mod h1:17dUlkBOakJ0+DkrSSNjCkIjxS6bF9zb3elmeNGIjoY=
github.com/google/uuid v1.3.0 h1:t6JiXgmwXMjEs8VusXIJk2BXHsn+wx8BZdTaoZ5fu7I=
github.com/google/uuid v1.3.0/go.mod h1:TIyPZe4MgqvfeYDBFedMoGGpEw/LqOeaOT+nhxU+yHo=
github.com/hajimehoshi/go-mp3 v0.3.0/go.mod h1:qMJj/CSDxx6CGHiZeCgbiq2DSUkbK0UbtXShQcnfyMM=
github.com/hajimehoshi/oto v0.6.1/go.mod h1:0QXGEkbuJRohbJaxr7ZQSxnju7hEhseiPx2hrh6raOI=
github.com/hajimehoshi/oto v0.7.1 h1:I7maFPz5MBCwiutOrz++DLdbr4rTzBsbBuV2VpgU9kk=
github.com/hajimehoshi/oto v0.7.1/go.mod h1:wovJ8WWMfFKvP587mhHgot/MBr4DnNy9m6EepeVGnos=
github.com/hpcloud/tail v1.0.0/go.mod h1:ab1qPbhIpdTxEkNHXyeSf5vhxWSCs/tWer42PpOxQnU=
github.com/icza/bitio v1.0.0/go.mod h1:0jGnlLAx8MKMr9VGnn/4YrvZiprkvBelsVIbA9Jjr9A=
github.com/icza/mighty v0.0.0-20180919140131-cfd07d671de6/go.mod h1:xQig96I1VNBDIWGCdTt54nHt6EeI639SmHycLYL7FkA=
github.com/jfreymuth/oggvorbis v1.0.1 h1:NT0eXBgE2WHzu6RT/6zcb2H10Kxj6Fm3PccT0LE6bqw=
github.com/jfreymuth/oggvorbis v1.0.1/go.mod h1:NqS+K+UXKje0FUYUPosyQ+XTVvjmVjps1aEZH1sumIk=
github.com/jfreymuth/vorbis v1.0.0 h1:SmDf783s82lIjGZi8EGUUaS7YxPHgRj4ZXW/h7rUi7U=
github.com/jfreymuth/vorbis v1.0.0/go.mod h1:8zy3lUAm9K/rJJk223RKy6vjCZTWC61NA2QD06bfOE0=
github.com/jinzhu/gorm v1.9.16 h1:+IyIjPEABKRpsu/F8OvDPy9fyQlgsg2luMV2ZIH5i5o=
github.com/jinzhu/gorm v1.9.16/go.mod h1:G3LB3wezTOWM2ITLzPxEXgSkOXAntiLHS7UdBefADcs=
github.com/jinzhu/inflection v1.0.0 h1:K317FqzuhWc8YvSVlFMCCUb36O/S9MCKRDI7QkRKD/E=
github.com/jinzhu/inflection v1.0.0/go.mod h1:h+uFLlag+Qp1Va5pdKtLDYj+kHp5pxUVkryuEj+Srlc=
github.com/jinzhu/now v1.0.1 h1:HjfetcXq097iXP0uoPCdnM4Efp5/9MsM0/M+XOTeR3M=
github.com/jinzhu/now v1.0.1/go.mod h1:d3SSVoowX0Lcu0IBviAWJpolVfI5UJVZZ7cO71lE/z8=
github.com/jozsefsallai/gophersauce v1.0.1 h1:BA3ovtQRrAb1qYU9JoRLbDHpxnDunlNcEkEfhCvDDCM=
github.com/jozsefsallai/gophersauce v1.0.1/go.mod h1:YVEI7djliMTmZ1Vh01YPF8bUHi+oKhe3yXgKf1T49vg=
github.com/kballard/go-shellquote v0.0.0-20180428030007-95032a82bc51/go.mod h1:CzGEWj7cYgsdH8dAjBGEr58BoE7ScuLd+fwFZ44+/x8=
github.com/lib/pq v1.1.1 h1:sJZmqHoEaY7f+NPP8pgLB/WxulyR3fewgCM2qaSlBb4=
github.com/lib/pq v1.1.1/go.mod h1:5WUZQaWbwv1U+lTReE5YruASi9Al49XbQIvNi/34Woo=
github.com/lucas-clemente/quic-go v0.29.0 h1:Vw0mGTfmWqGzh4jx/kMymsIkFK6rErFVmg+t9RLrnZE=
github.com/lucas-clemente/quic-go v0.29.0/go.mod h1:CTcNfLYJS2UuRNB+zcNlgvkjBhxX6Hm3WUxxAQx2mgE=
github.com/lucasb-eyer/go-colorful v1.0.2/go.mod h1:0MS4r+7BZKSJ5mw4/S5MPN+qHFF1fYclkSPilDOKW0s=
github.com/lufia/plan9stats v0.0.0-20211012122336-39d0f177ccd0 h1:6E+4a0GO5zZEnZ81pIr0yLvtUWk2if982qA3F3QD6H4=
github.com/lufia/plan9stats v0.0.0-20211012122336-39d0f177ccd0/go.mod h1:zJYVVT2jmtg6P3p1VtQj7WsuWi/y4VnjVBn7F8KPB3I=
github.com/marten-seemann/qpack v0.2.1 h1:jvTsT/HpCn2UZJdP+UUB53FfUUgeOyG5K1ns0OJOGVs=
github.com/marten-seemann/qpack v0.2.1/go.mod h1:F7Gl5L1jIgN1D11ucXefiuJS9UMVP2opoCp2jDKb7wc=
github.com/marten-seemann/qtls-go1-18 v0.1.2 h1:JH6jmzbduz0ITVQ7ShevK10Av5+jBEKAHMntXmIV7kM=
github.com/marten-seemann/qtls-go1-18 v0.1.2/go.mod h1:mJttiymBAByA49mhlNZZGrH5u1uXYZJ+RW28Py7f4m4=
github.com/marten-seemann/qtls-go1-19 v0.1.0 h1:rLFKD/9mp/uq1SYGYuVZhm83wkmU95pK5df3GufyYYU=
github.com/marten-seemann/qtls-go1-19 v0.1.0/go.mod h1:5HTDWtVudo/WFsHKRNuOhWlbdjrfs5JHrYb0wIJqGpI=
github.com/mattn/go-isatty v0.0.12/go.mod h1:cbi8OIDigv2wuxKPP5vlRcQ1OAZbq2CE4Kysco4FUpU=
github.com/mattn/go-isatty v0.0.16 h1:bq3VjFmv/sOjHtdEhmkEV4x1AJtvUvOJ2PFAZ5+peKQ=
github.com/mattn/go-isatty v0.0.16/go.mod h1:kYGgaQfpe5nmfYZH+SKPsOc2e4SrIfOl2e/yFXSvRLM=
github.com/mattn/go-runewidth v0.0.4/go.mod h1:LwmH8dsx7+W8Uxz3IHJYH5QSwggIsqBzpuz5H//U1FU=
github.com/mattn/go-sqlite3 v1.14.0 h1:mLyGNKR8+Vv9CAU7PphKa2hkEqxxhn8i32J6FPj1/QA=
github.com/mattn/go-sqlite3 v1.14.0/go.mod h1:JIl7NbARA7phWnGvh0LKTyg7S9BA+6gx71ShQilpsus=
github.com/mewkiz/flac v1.0.7/go.mod h1:yU74UH277dBUpqxPouHSQIar3G1X/QIclVbFahSd1pU=
github.com/mewkiz/pkg v0.0.0-20190919212034-518ade7978e2/go.mod h1:3E2FUC/qYUfM8+r9zAwpeHJzqRVVMIYnpzD/clwWxyA=
github.com/mroth/weightedrand v0.4.1 h1:rHcbUBopmi/3x4nnrvwGJBhX9d0vk+KgoLUZeDP6YyI=
github.com/mroth/weightedrand v0.4.1/go.mod h1:3p2SIcC8al1YMzGhAIoXD+r9olo/g/cdJgAD905gyNE=
github.com/nfnt/resize v0.0.0-20180221191011-83c6a9932646 h1:zYyBkD/k9seD2A7fsi6Oo2LfFZAehjjQMERAvZLEDnQ=
github.com/nfnt/resize v0.0.0-20180221191011-83c6a9932646/go.mod h1:jpp1/29i3P1S/RLdc7JQKbRpFeM1dOBd8T9ki5s+AY8=
github.com/nxadm/tail v1.4.4/go.mod h1:kenIhsEOeOJmVchQTgglprH7qJGnHDVpk1VPCcaMI8A=
github.com/nxadm/tail v1.4.8 h1:nPr65rt6Y5JFSKQO7qToXr7pePgD6Gwiw05lkbyAQTE=
github.com/nxadm/tail v1.4.8/go.mod h1:+ncqLTQzXmGhMZNUePPaPqPvBxHAIsmXswZKocGu+AU=
github.com/onsi/ginkgo v1.6.0/go.mod h1:lLunBs/Ym6LB5Z9jYTR76FiuTmxDTDusOGeTQH+WWjE=
github.com/onsi/ginkgo v1.12.1/go.mod h1:zj2OWP4+oCPe1qIXoGWkgMRwljMUYCdkwsT2108oapk=
github.com/onsi/ginkgo v1.14.0/go.mod h1:iSB4RoI2tjJc9BBv4NKIKWKya62Rps+oPG/Lv9klQyY=
github.com/onsi/ginkgo v1.16.4 h1:29JGrr5oVBm5ulCWet69zQkzWipVXIol6ygQUe/EzNc=
github.com/onsi/ginkgo v1.16.4/go.mod h1:dX+/inL/fNMqNlz0e9LfyB9TswhZpCVdJM/Z6Vvnwo0=
github.com/onsi/gomega v1.7.1/go.mod h1:XdKZgCCFLUoM/7CFJVPcG8C1xQ1AJ0vpAezJrB7JYyY=
github.com/onsi/gomega v1.10.1/go.mod h1:iN09h71vgCQne3DLsj+A5owkum+a2tYe+TOCB1ybHNo=
github.com/onsi/gomega v1.13.0 h1:7lLHu94wT9Ij0o6EWWclhu0aOh32VxhkwEJvzuWPeak=
github.com/pkg/errors v0.8.1/go.mod h1:bwawxfHBFNV+L2hUp1rHADufV3IMtnDRdf1r5NINEl0=
github.com/pkg/errors v0.9.1 h1:FEBLx1zS214owpjy7qsBeixbURkuhQAwrK5UwLGTwt4=
github.com/pkg/errors v0.9.1/go.mod h1:bwawxfHBFNV+L2hUp1rHADufV3IMtnDRdf1r5NINEl0=
github.com/pkumza/numcn v1.0.0 h1:ZT5cf9IJkUZgRgEtCiNNykk0RwsrKXSTsvDHOwUTzgE=
github.com/pkumza/numcn v1.0.0/go.mod h1:QSeH+al9dWCd8di5HZM/ZqHqhZmUKfph572e9Ev/ETc=
github.com/pmezard/go-difflib v1.0.0 h1:4DBwDE0NGyQoBHbLQYPwSUPoCMWR5BEzIk/f1lZbAQM=
github.com/pmezard/go-difflib v1.0.0/go.mod h1:iKH77koFhYxTK1pcRnkKkqfTogsbg7gZNVY4sRDYZ/4=
github.com/power-devops/perfstat v0.0.0-20210106213030-5aafc221ea8c h1:ncq/mPwQF4JjgDlrVEn3C11VoGHZN7m8qihwgMEtzYw=
github.com/power-devops/perfstat v0.0.0-20210106213030-5aafc221ea8c/go.mod h1:OmDBASR4679mdNQnz2pUhc2G8CO2JrUAVFDRBDP/hJE=
github.com/remyoudompheng/bigfft v0.0.0-20200410134404-eec4a21b6bb0 h1:OdAsTTz6OkFY5QxjkYwrChwuRruF69c169dPK26NUlk=
github.com/remyoudompheng/bigfft v0.0.0-20200410134404-eec4a21b6bb0/go.mod h1:qqbHyh8v60DhA7CoWK5oRCqLrMHRGoxYCSS9EjAz6Eo=
github.com/shirou/gopsutil/v3 v3.22.8 h1:a4s3hXogo5mE2PfdfJIonDbstO/P+9JszdfhAHSzD9Y=
github.com/shirou/gopsutil/v3 v3.22.8/go.mod h1:s648gW4IywYzUfE/KjXxUsqrqx/T2xO5VqOXxONeRfI=
github.com/sirupsen/logrus v1.9.0 h1:trlNQbNUG3OdDrDil03MCb1H2o9nJ1x4/5LYw7byDE0=
github.com/sirupsen/logrus v1.9.0/go.mod h1:naHLuLoDiP4jHNo9R0sCBMtWGeIprob74mVsIT4qYEQ=
github.com/stretchr/objx v0.1.0/go.mod h1:HFkY916IF+rwdDfMAkV7OtwuqBVzrE8GR6GFx+wExME=
github.com/stretchr/objx v0.4.0/go.mod h1:YvHI0jy2hoMjB+UWwv71VJQ9isScKT/TqJzVSSt89Yw=
github.com/stretchr/testify v1.5.1/go.mod h1:5W2xD1RspED5o8YsWQXVCued0rvSQ+mT+I5cxcmMvtA=
github.com/stretchr/testify v1.7.0/go.mod h1:6Fq8oRcR53rry900zMqJjRRixrwX3KX962/h/Wwjteg=
github.com/stretchr/testify v1.7.1/go.mod h1:6Fq8oRcR53rry900zMqJjRRixrwX3KX962/h/Wwjteg=
github.com/stretchr/testify v1.8.0 h1:pSgiaMZlXftHpm5L7V1+rVB+AZJydKsMxsQBIJw4PKk=
github.com/stretchr/testify v1.8.0/go.mod h1:yNjHg4UonilssWZ8iaSj1OCr/vHnekPRkoO+kdMU+MU=
github.com/tidwall/gjson v1.14.3 h1:9jvXn7olKEHU1S9vwoMGliaT8jq1vJ7IH/n9zD9Dnlw=
github.com/tidwall/gjson v1.14.3/go.mod h1:/wbyibRr2FHMks5tjHJ5F8dMZh3AcwJEMf5vlfC0lxk=
github.com/tidwall/match v1.1.1 h1:+Ho715JplO36QYgwN9PGYNhgZvoUSc9X2c80KVTi+GA=
github.com/tidwall/match v1.1.1/go.mod h1:eRSPERbgtNPcGhD8UCthc6PmLEQXEWd3PRB5JTxsfmM=
github.com/tidwall/pretty v1.2.0 h1:RWIZEg2iJ8/g6fDDYzMpobmaoGh5OLl4AXtGUGPcqCs=
github.com/tidwall/pretty v1.2.0/go.mod h1:ITEVvHYasfjBbM0u2Pg8T2nJnzm8xPwvNhhsoaGGjNU=
github.com/tklauser/go-sysconf v0.3.10 h1:IJ1AZGZRWbY8T5Vfk04D9WOA5WSejdflXxP03OUqALw=
github.com/tklauser/go-sysconf v0.3.10/go.mod h1:C8XykCvCb+Gn0oNCWPIlcb0RuglQTYaQ2hGm7jmxEFk=
github.com/tklauser/numcpus v0.4.0 h1:E53Dm1HjH1/R2/aoCtXtPgzmElmn51aOkhCFSuZq//o=
github.com/tklauser/numcpus v0.4.0/go.mod h1:1+UI3pD8NW14VMwdgJNJ1ESk2UnwhAnz5hMwiKKqXCQ=
github.com/wcharczuk/go-chart/v2 v2.1.0 h1:tY2slqVQ6bN+yHSnDYwZebLQFkphK4WNrVwnt7CJZ2I=
github.com/wcharczuk/go-chart/v2 v2.1.0/go.mod h1:yx7MvAVNcP/kN9lKXM/NTce4au4DFN99j6i1OwDclNA=
github.com/wdvxdr1123/ZeroBot v1.6.3 h1:Xf+rM8fR9Etc7ydcGHuqCk0ulAAn7Oa7nD9Zy/qZ6Pk=
github.com/wdvxdr1123/ZeroBot v1.6.3/go.mod h1:shG/ruauisKaVcov4amrFJtkeDl7nl+Q00IXB2PqFsc=
github.com/yuin/goldmark v1.2.1/go.mod h1:3hX8gzYuyVAZsxl0MRgGTJEmQBFcNTphYh9decYSb74=
github.com/yuin/goldmark v1.3.5/go.mod h1:mwnBkeHKe2W/ZEtQ+71ViKU8L12m81fl3OWwC1Zlc8k=
github.com/yuin/goldmark v1.4.13/go.mod h1:6yULJ656Px+3vBD8DxQVa3kxgyrAnzto9xy5taEt/CY=
github.com/yusufpapurcu/wmi v1.2.2 h1:KBNDSne4vP5mbSWnJbO+51IMOXJB67QiYCSBrubbPRg=
github.com/yusufpapurcu/wmi v1.2.2/go.mod h1:SBZ9tNy3G9/m5Oi98Zks0QjeHVDvuK0qfxQmPyzfmi0=
gitlab.com/gomidi/midi/v2 v2.0.25 h1:dkzVBqbaFHjyWwP71MrQNX7IeRUIDonddmHbPpO/Ucg=
gitlab.com/gomidi/midi/v2 v2.0.25/go.mod h1:quTyMKSQ4Klevxu6gY4gy2USbeZra0fV5SalndmPfsY=
golang.org/x/crypto v0.0.0-20190308221718-c2843e01d9a2/go.mod h1:djNgcEr1/C05ACkg1iLfiJU5Ep61QUkGW8qpdssI0+w=
golang.org/x/crypto v0.0.0-20190325154230-a5d413f7728c/go.mod h1:djNgcEr1/C05ACkg1iLfiJU5Ep61QUkGW8qpdssI0+w=
golang.org/x/crypto v0.0.0-20190510104115-cbcb75029529/go.mod h1:yigFU9vqHzYiE8UmvKecakEJjdnWj3jj499lnFckfCI=
golang.org/x/crypto v0.0.0-20191011191535-87dc89f01550/go.mod h1:yigFU9vqHzYiE8UmvKecakEJjdnWj3jj499lnFckfCI=
golang.org/x/crypto v0.0.0-20191205180655-e7c4368fe9dd/go.mod h1:LzIPMQfyMNhhGPhUkYOs5KpL4U8rLKemX1yGLhDgUto=
golang.org/x/crypto v0.0.0-20200622213623-75b288015ac9/go.mod h1:LzIPMQfyMNhhGPhUkYOs5KpL4U8rLKemX1yGLhDgUto=
golang.org/x/crypto v0.0.0-20210921155107-089bfa567519 h1:7I4JAnoQBe7ZtJcBaYHi5UtiO8tQHbUSXxL+pnGRANg=
golang.org/x/crypto v0.0.0-20210921155107-089bfa567519/go.mod h1:GvvjBRRGRdwPK5ydBHafDWAxML/pGHZbMvKqRZ5+Abc=
golang.org/x/exp v0.0.0-20190306152737-a1d7652674e8/go.mod h1:CJ0aWSM057203Lf6IL+f9T1iT9GByDxfZKAQTCR3kQA=
golang.org/x/exp v0.0.0-20190731235908-ec7cb31e5a56/go.mod h1:JhuoJpWY28nO4Vef9tZUw9qufEGTyX1+7lmHxV5q5G4=
golang.org/x/exp v0.0.0-20220722155223-a9213eeb770e h1:+WEEuIdZHnUeJJmEUjyYC2gfUMj69yZXw17EnHg/otA=
golang.org/x/exp v0.0.0-20220722155223-a9213eeb770e/go.mod h1:Kr81I6Kryrl9sr8s2FK3vxD90NdsKWRuOIl2O4CvYbA=
golang.org/x/exp/shiny v0.0.0-20221004215720-b9f4876ce741 h1:b7y8iQCnzOE0NhgpMj2yHw17Us+lhXxFbdzKlTpqm5I=
golang.org/x/exp/shiny v0.0.0-20221004215720-b9f4876ce741/go.mod h1:VjAR7z0ngyATZTELrBSkxOOHhhlnVUxDye4mcjx5h/8=
golang.org/x/image v0.0.0-20190220214146-31aff87c08e9/go.mod h1:kZ7UVZpmo3dzQBMxlp+ypCbDeSB+sBbTgSJuh5dn5js=
golang.org/x/image v0.0.0-20190227222117-0694c2d4d067/go.mod h1:kZ7UVZpmo3dzQBMxlp+ypCbDeSB+sBbTgSJuh5dn5js=
golang.org/x/image v0.0.0-20190802002840-cff245a6509b/go.mod h1:FeLwcggjj3mMvU+oOTbSwawSJRM1uh48EjtB4UJZlP0=
golang.org/x/image v0.0.0-20191009234506-e7c1f5e7dbb8/go.mod h1:FeLwcggjj3mMvU+oOTbSwawSJRM1uh48EjtB4UJZlP0=
golang.org/x/image v0.0.0-20200927104501-e162460cd6b5/go.mod h1:FeLwcggjj3mMvU+oOTbSwawSJRM1uh48EjtB4UJZlP0=
golang.org/x/image v0.1.0 h1:r8Oj8ZA2Xy12/b5KZYj3tuv7NG/fBz3TwQVvpJ9l8Rk=
golang.org/x/image v0.1.0/go.mod h1:iyPr49SD/G/TBxYVB/9RRtGUT5eNbo2u4NamWeQcD5c=
golang.org/x/mobile v0.0.0-20190312151609-d3739f865fa6/go.mod h1:z+o9i4GpDbdi3rU15maQ/Ox0txvL9dWGYEHz965HBQE=
golang.org/x/mobile v0.0.0-20190415191353-3e0bab5405d6/go.mod h1:E/iHnbuqvinMTCcRqshq8CkpyQDoeVncDDYHnLhea+o=
golang.org/x/mobile v0.0.0-20201217150744-e6ae53a27f4f h1:kgfVkAEEQXXQ0qc6dH7n6y37NAYmTFmz0YRwrRjgxKw=
golang.org/x/mobile v0.0.0-20201217150744-e6ae53a27f4f/go.mod h1:skQtrUTUwhdJvXM/2KKJzY8pDgNr9I/FOMqDVRPBUS4=
golang.org/x/mod v0.1.0/go.mod h1:0QHyrYULN0/3qlju5TqG8bIK38QM8yzMo5ekMj3DlcY=
golang.org/x/mod v0.1.1-0.20191105210325-c90efee705ee/go.mod h1:QqPTAvyqsEbceGzBzNggFXnrqF1CaUcvgkdR5Ot7KZg=
golang.org/x/mod v0.1.1-0.20191209134235-331c550502dd/go.mod h1:s0Qsj1ACt9ePp/hMypM3fl4fZqREWJwdYDEqhRiZZUA=
golang.org/x/mod v0.3.0/go.mod h1:s0Qsj1ACt9ePp/hMypM3fl4fZqREWJwdYDEqhRiZZUA=
golang.org/x/mod v0.4.2/go.mod h1:s0Qsj1ACt9ePp/hMypM3fl4fZqREWJwdYDEqhRiZZUA=
golang.org/x/mod v0.6.0-dev.0.20220419223038-86c51ed26bb4 h1:6zppjxzCulZykYSLyVDYbneBfbaBIQPYMevg0bEwv2s=
golang.org/x/mod v0.6.0-dev.0.20220419223038-86c51ed26bb4/go.mod h1:jJ57K6gSWd91VN4djpZkiMVwK6gcyfeH4XE8wZrZaV4=
golang.org/x/net v0.0.0-20180218175443-cbe0f9307d01/go.mod h1:mL1N/T3taQHkDXs73rZJwtUhF3w3ftmwwsq0BUmARs4=
golang.org/x/net v0.0.0-20180906233101-161cd47e91fd/go.mod h1:mL1N/T3taQHkDXs73rZJwtUhF3w3ftmwwsq0BUmARs4=
golang.org/x/net v0.0.0-20190213061140-3a22650c66bd/go.mod h1:mL1N/T3taQHkDXs73rZJwtUhF3w3ftmwwsq0BUmARs4=
golang.org/x/net v0.0.0-20190311183353-d8887717615a/go.mod h1:t9HGtf8HONx5eT2rtn7q6eTqICYqUVnKs3thJo3Qplg=
golang.org/x/net v0.0.0-20190404232315-eb5bcb51f2a3/go.mod h1:t9HGtf8HONx5eT2rtn7q6eTqICYqUVnKs3thJo3Qplg=
golang.org/x/net v0.0.0-20190620200207-3b0461eec859/go.mod h1:z5CRVTTTmAJ677TzLLGU+0bjPO0LkuOLi4/5GtJWs/s=
golang.org/x/net v0.0.0-20200202094626-16171245cfb2/go.mod h1:z5CRVTTTmAJ677TzLLGU+0bjPO0LkuOLi4/5GtJWs/s=
golang.org/x/net v0.0.0-20200324143707-d3edc9973b7e/go.mod h1:qpuaurCH72eLCgpAm/N6yyVIVM9cpaDIP3A8BGJEC5A=
golang.org/x/net v0.0.0-20200421231249-e086a090c8fd/go.mod h1:qpuaurCH72eLCgpAm/N6yyVIVM9cpaDIP3A8BGJEC5A=
golang.org/x/net v0.0.0-20200520004742-59133d7f0dd7/go.mod h1:qpuaurCH72eLCgpAm/N6yyVIVM9cpaDIP3A8BGJEC5A=
golang.org/x/net v0.0.0-20200707034311-ab3426394381/go.mod h1:/O7V0waA8r7cgGh81Ro3o1hOxt32SMVPicZroKQ2sZA=
golang.org/x/net v0.0.0-20201021035429-f5854403a974/go.mod h1:sp8m0HH+o8qH0wwXwYZr8TS3Oi6o0r6Gce1SSxlDquU=
golang.org/x/net v0.0.0-20210226172049-e18ecbb05110/go.mod h1:m0MpNAwzfU5UDzcl9v0D8zg8gWTRqZa9RBIspLL5mdg=
golang.org/x/net v0.0.0-20210405180319-a5a99cb37ef4/go.mod h1:p54w0d4576C0XHj96bSt6lcn1PtDYWL6XObtHCRCNQM=
golang.org/x/net v0.0.0-20220722155237-a158d28d115b h1:PxfKdU9lEEDYjdIzOtC4qFWgkU2rGHdKlKowJSMN9h0=
golang.org/x/net v0.0.0-20220722155237-a158d28d115b/go.mod h1:XRhObCWvk6IyKnWLug+ECip1KBveYUHfp+8e9klMJ9c=
golang.org/x/sync v0.0.0-20180314180146-1d60e4601c6f/go.mod h1:RxMgew5VJxzue5/jJTE5uejpjVlOe/izrB70Jof72aM=
golang.org/x/sync v0.0.0-20190423024810-112230192c58/go.mod h1:RxMgew5VJxzue5/jJTE5uejpjVlOe/izrB70Jof72aM=
golang.org/x/sync v0.0.0-20201020160332-67f06af15bc9/go.mod h1:RxMgew5VJxzue5/jJTE5uejpjVlOe/izrB70Jof72aM=
golang.org/x/sync v0.0.0-20210220032951-036812b2e83c/go.mod h1:RxMgew5VJxzue5/jJTE5uejpjVlOe/izrB70Jof72aM=
golang.org/x/sync v0.0.0-20220722155255-886fb9371eb4/go.mod h1:RxMgew5VJxzue5/jJTE5uejpjVlOe/izrB70Jof72aM=
golang.org/x/sys v0.0.0-20180909124046-d0be0721c37e/go.mod h1:STP8DvDyc/dI5b8T5hshtkjS+E42TnysNCUPdjciGhY=
golang.org/x/sys v0.0.0-20190215142949-d0b11bdaac8a/go.mod h1:STP8DvDyc/dI5b8T5hshtkjS+E42TnysNCUPdjciGhY=
golang.org/x/sys v0.0.0-20190312061237-fead79001313/go.mod h1:h1NjWce9XRLGQEsW7wpKNCjG9DtNlClVuFLEZdDNbEs=
golang.org/x/sys v0.0.0-20190412213103-97732733099d/go.mod h1:h1NjWce9XRLGQEsW7wpKNCjG9DtNlClVuFLEZdDNbEs=
golang.org/x/sys v0.0.0-20190429190828-d89cdac9e872/go.mod h1:h1NjWce9XRLGQEsW7wpKNCjG9DtNlClVuFLEZdDNbEs=
golang.org/x/sys v0.0.0-20190626150813-e07cf5db2756/go.mod h1:h1NjWce9XRLGQEsW7wpKNCjG9DtNlClVuFLEZdDNbEs=
golang.org/x/sys v0.0.0-20190904154756-749cb33beabd/go.mod h1:h1NjWce9XRLGQEsW7wpKNCjG9DtNlClVuFLEZdDNbEs=
golang.org/x/sys v0.0.0-20190916202348-b4ddaad3f8a3/go.mod h1:h1NjWce9XRLGQEsW7wpKNCjG9DtNlClVuFLEZdDNbEs=
golang.org/x/sys v0.0.0-20191005200804-aed5e4c7ecf9/go.mod h1:h1NjWce9XRLGQEsW7wpKNCjG9DtNlClVuFLEZdDNbEs=
golang.org/x/sys v0.0.0-20191120155948-bd437916bb0e/go.mod h1:h1NjWce9XRLGQEsW7wpKNCjG9DtNlClVuFLEZdDNbEs=
golang.org/x/sys v0.0.0-20200116001909-b77594299b42/go.mod h1:h1NjWce9XRLGQEsW7wpKNCjG9DtNlClVuFLEZdDNbEs=
golang.org/x/sys v0.0.0-20200323222414-85ca7c5b95cd/go.mod h1:h1NjWce9XRLGQEsW7wpKNCjG9DtNlClVuFLEZdDNbEs=
golang.org/x/sys v0.0.0-20200519105757-fe76b779f299/go.mod h1:h1NjWce9XRLGQEsW7wpKNCjG9DtNlClVuFLEZdDNbEs=
golang.org/x/sys v0.0.0-20200930185726-fdedc70b468f/go.mod h1:h1NjWce9XRLGQEsW7wpKNCjG9DtNlClVuFLEZdDNbEs=
golang.org/x/sys v0.0.0-20201119102817-f84b799fce68/go.mod h1:h1NjWce9XRLGQEsW7wpKNCjG9DtNlClVuFLEZdDNbEs=
golang.org/x/sys v0.0.0-20201126233918-771906719818/go.mod h1:h1NjWce9XRLGQEsW7wpKNCjG9DtNlClVuFLEZdDNbEs=
golang.org/x/sys v0.0.0-20201204225414-ed752295db88/go.mod h1:h1NjWce9XRLGQEsW7wpKNCjG9DtNlClVuFLEZdDNbEs=
golang.org/x/sys v0.0.0-20210112080510-489259a85091/go.mod h1:h1NjWce9XRLGQEsW7wpKNCjG9DtNlClVuFLEZdDNbEs=
golang.org/x/sys v0.0.0-20210330210617-4fbd30eecc44/go.mod h1:h1NjWce9XRLGQEsW7wpKNCjG9DtNlClVuFLEZdDNbEs=
golang.org/x/sys v0.0.0-20210510120138-977fb7262007/go.mod h1:oPkhp1MJrh7nUepCBck5+mAzfO9JrbApNNgaTdGDITg=
golang.org/x/sys v0.0.0-20210615035016-665e8c7367d1/go.mod h1:oPkhp1MJrh7nUepCBck5+mAzfO9JrbApNNgaTdGDITg=
golang.org/x/sys v0.0.0-20210902050250-f475640dd07b/go.mod h1:oPkhp1MJrh7nUepCBck5+mAzfO9JrbApNNgaTdGDITg=
golang.org/x/sys v0.0.0-20211007075335-d3039528d8ac/go.mod h1:oPkhp1MJrh7nUepCBck5+mAzfO9JrbApNNgaTdGDITg=
golang.org/x/sys v0.0.0-20220111092808-5a964db01320/go.mod h1:oPkhp1MJrh7nUepCBck5+mAzfO9JrbApNNgaTdGDITg=
golang.org/x/sys v0.0.0-20220128215802-99c3d69c2c27/go.mod h1:oPkhp1MJrh7nUepCBck5+mAzfO9JrbApNNgaTdGDITg=
golang.org/x/sys v0.0.0-20220209214540-3681064d5158/go.mod h1:oPkhp1MJrh7nUepCBck5+mAzfO9JrbApNNgaTdGDITg=
golang.org/x/sys v0.0.0-20220520151302-bc2c85ada10a/go.mod h1:oPkhp1MJrh7nUepCBck5+mAzfO9JrbApNNgaTdGDITg=
golang.org/x/sys v0.0.0-20220715151400-c0bba94af5f8/go.mod h1:oPkhp1MJrh7nUepCBck5+mAzfO9JrbApNNgaTdGDITg=
golang.org/x/sys v0.0.0-20220722155257-8c9f86f7a55f/go.mod h1:oPkhp1MJrh7nUepCBck5+mAzfO9JrbApNNgaTdGDITg=
golang.org/x/sys v0.0.0-20220811171246-fbc7d0a398ab/go.mod h1:oPkhp1MJrh7nUepCBck5+mAzfO9JrbApNNgaTdGDITg=
golang.org/x/sys v0.0.0-20220915200043-7b5979e65e41 h1:ohgcoMbSofXygzo6AD2I1kz3BFmW1QArPYTtwEM3UXc=
golang.org/x/sys v0.0.0-20220915200043-7b5979e65e41/go.mod h1:oPkhp1MJrh7nUepCBck5+mAzfO9JrbApNNgaTdGDITg=
golang.org/x/term v0.0.0-20201126162022-7de9c90e9dd1/go.mod h1:bj7SfCRtBDWHUb9snDiAeCFNEtKQo2Wmx5Cou7ajbmo=
golang.org/x/term v0.0.0-20210927222741-03fcf44c2211/go.mod h1:jbD1KX2456YbFQfuXm/mYQcufACuNUgVhRMnK/tPxf8=
golang.org/x/text v0.3.0/go.mod h1:NqM8EUOU14njkJ3fqMW+pc6Ldnwhi/IjpwHt7yyuwOQ=
golang.org/x/text v0.3.2/go.mod h1:bEr9sfX3Q8Zfm5fL9x+3itogRgK3+ptLWKqgva+5dAk=
golang.org/x/text v0.3.3/go.mod h1:5Zoc/QRtKVWzQhOtBMvqHzDpF6irO9z98xDceosuGiQ=
golang.org/x/text v0.3.7/go.mod h1:u+2+/6zg+i71rQMx5EYifcz6MCKuco9NR6JIITiCfzQ=
golang.org/x/text v0.4.0 h1:BrVqGRd7+k1DiOgtnFvAkoQEWQvBc25ouMJM6429SFg=
golang.org/x/text v0.4.0/go.mod h1:mrYo+phRRbMaCq/xk9113O4dZlRixOauAjOtrjsXDZ8=
golang.org/x/tools v0.0.0-20180917221912-90fa682c2a6e/go.mod h1:n7NCudcB/nEzxVGmLbDWY5pfWTLqBcC2KZ6jyYvM4mQ=
golang.org/x/tools v0.0.0-20190312151545-0bb0c0a6e846/go.mod h1:LCzVGOaR6xXOjkQ3onu1FJEFr0SW1gC7cKk1uF8kGRs=
golang.org/x/tools v0.0.0-20191119224855-298f0cb1881e/go.mod h1:b+2E5dAYhXwXZwtnZ6UAqBI28+e2cm9otk0dWdXHAEo=
golang.org/x/tools v0.0.0-20200117012304-6edc0a871e69/go.mod h1:TB2adYChydJhpapKDTa4BR/hXlZSLoq2Wpct/0txZ28=
golang.org/x/tools v0.0.0-20201124115921-2c860bdd6e78/go.mod h1:emZCQorbCU4vsT4fOWvOPXz4eW1wZW4PmDk9uLelYpA=
golang.org/x/tools v0.0.0-20201224043029-2b0845dc783e/go.mod h1:emZCQorbCU4vsT4fOWvOPXz4eW1wZW4PmDk9uLelYpA=
golang.org/x/tools v0.1.1/go.mod h1:o0xws9oXOQQZyjljx8fwUC0k7L1pTE6eaCbjGeHmOkk=
golang.org/x/tools v0.1.12 h1:VveCTK38A2rkS8ZqFY25HIDFscX5X9OoEhJd3quQmXU=
golang.org/x/tools v0.1.12/go.mod h1:hNGJHUnrk76NpqgfD5Aqm5Crs+Hm0VOH/i9J2+nxYbc=
golang.org/x/xerrors v0.0.0-20190717185122-a985d3407aa7/go.mod h1:I/5z698sn9Ka8TeJc9MKroUUfqBBauWjQqLJ2OPfmY0=
golang.org/x/xerrors v0.0.0-20191011141410-1b5146add898/go.mod h1:I/5z698sn9Ka8TeJc9MKroUUfqBBauWjQqLJ2OPfmY0=
golang.org/x/xerrors v0.0.0-20191204190536-9bdfabe68543/go.mod h1:I/5z698sn9Ka8TeJc9MKroUUfqBBauWjQqLJ2OPfmY0=
golang.org/x/xerrors v0.0.0-20200804184101-5ec99f83aff1/go.mod h1:I/5z698sn9Ka8TeJc9MKroUUfqBBauWjQqLJ2OPfmY0=
google.golang.org/protobuf v0.0.0-20200109180630-ec00e32a8dfd/go.mod h1:DFci5gLYBciE7Vtevhsrf46CRTquxDuWsQurQQe4oz8=
google.golang.org/protobuf v0.0.0-20200221191635-4d8936d0db64/go.mod h1:kwYJMbMJ01Woi6D6+Kah6886xMZcty6N08ah7+eCXa0=
google.golang.org/protobuf v0.0.0-20200228230310-ab0ca4ff8a60/go.mod h1:cfTl7dwQJ+fmap5saPgwCLgHXTUD7jkjRqWcaiX5VyM=
google.golang.org/protobuf v1.20.1-0.20200309200217-e05f789c0967/go.mod h1:A+miEFZTKqfCUM6K7xSMQL9OKL/b6hQv+e19PK+JZNE=
google.golang.org/protobuf v1.21.0/go.mod h1:47Nbq4nVaFHyn7ilMalzfO3qCViNmqZ2kzikPIcrTAo=
google.golang.org/protobuf v1.23.0 h1:4MY060fB1DLGMB/7MBTLnwQUY6+F09GEiz6SsrNqyzM=
google.golang.org/protobuf v1.23.0/go.mod h1:EGpADcykh3NcUnDUJcl1+ZksZNG86OlYog2l/sGQquU=
gopkg.in/check.v1 v0.0.0-20161208181325-20d25e280405/go.mod h1:Co6ibVJAznAaIkqp8huTwlJQCZ016jof/cbN4VW5Yz0=
gopkg.in/fsnotify.v1 v1.4.7/go.mod h1:Tz8NjZHkW78fSQdbUxIjBTcgA1z1m8ZHf0WmKUhAMys=
gopkg.in/tomb.v1 v1.0.0-20141024135613-dd632973f1e7 h1:uRGJdciOHaEIrze2W8Q3AKkepLTh2hOroT7a+7czfdQ=
gopkg.in/tomb.v1 v1.0.0-20141024135613-dd632973f1e7/go.mod h1:dt/ZhP58zS4L8KSrWDmTeBkI65Dw0HsyUHuEVlX15mw=
gopkg.in/yaml.v2 v2.2.2/go.mod h1:hI93XBmqTisBFMUTm0b8Fm+jr3Dg1NNxqwp+5A1VGuI=
gopkg.in/yaml.v2 v2.2.4/go.mod h1:hI93XBmqTisBFMUTm0b8Fm+jr3Dg1NNxqwp+5A1VGuI=
gopkg.in/yaml.v2 v2.3.0/go.mod h1:hI93XBmqTisBFMUTm0b8Fm+jr3Dg1NNxqwp+5A1VGuI=
gopkg.in/yaml.v2 v2.4.0 h1:D8xgwECY7CYvx+Y2n4sBz93Jn9JRvxdiyyo8CTfuKaY=
gopkg.in/yaml.v3 v3.0.0-20200313102051-9f266ea9e77c/go.mod h1:K4uyk7z7BCEPqu6E+C64Yfv1cQ7kz7rIZviUmN+EgEM=
gopkg.in/yaml.v3 v3.0.1 h1:fxVm/GzAzEWqLHuvctI91KS9hhNmmWOoWu0XTYJS7CA=
gopkg.in/yaml.v3 v3.0.1/go.mod h1:K4uyk7z7BCEPqu6E+C64Yfv1cQ7kz7rIZviUmN+EgEM=
lukechampine.com/uint128 v1.1.1/go.mod h1:c4eWIwlEGaxC/+H1VguhU4PHXNWDCDMUlWdIWl2j1gk=
modernc.org/cc/v3 v3.33.6/go.mod h1:iPJg1pkwXqAV16SNgFBVYmggfMg6xhs+2oiO0vclK3g=
modernc.org/cc/v3 v3.33.9/go.mod h1:iPJg1pkwXqAV16SNgFBVYmggfMg6xhs+2oiO0vclK3g=
modernc.org/cc/v3 v3.33.11/go.mod h1:iPJg1pkwXqAV16SNgFBVYmggfMg6xhs+2oiO0vclK3g=
modernc.org/cc/v3 v3.34.0/go.mod h1:iPJg1pkwXqAV16SNgFBVYmggfMg6xhs+2oiO0vclK3g=
modernc.org/cc/v3 v3.35.0/go.mod h1:iPJg1pkwXqAV16SNgFBVYmggfMg6xhs+2oiO0vclK3g=
modernc.org/cc/v3 v3.35.4/go.mod h1:iPJg1pkwXqAV16SNgFBVYmggfMg6xhs+2oiO0vclK3g=
modernc.org/cc/v3 v3.35.5/go.mod h1:iPJg1pkwXqAV16SNgFBVYmggfMg6xhs+2oiO0vclK3g=
modernc.org/cc/v3 v3.35.7/go.mod h1:iPJg1pkwXqAV16SNgFBVYmggfMg6xhs+2oiO0vclK3g=
modernc.org/cc/v3 v3.35.8/go.mod h1:iPJg1pkwXqAV16SNgFBVYmggfMg6xhs+2oiO0vclK3g=
modernc.org/cc/v3 v3.35.10/go.mod h1:iPJg1pkwXqAV16SNgFBVYmggfMg6xhs+2oiO0vclK3g=
modernc.org/cc/v3 v3.35.15/go.mod h1:iPJg1pkwXqAV16SNgFBVYmggfMg6xhs+2oiO0vclK3g=
modernc.org/cc/v3 v3.35.16/go.mod h1:iPJg1pkwXqAV16SNgFBVYmggfMg6xhs+2oiO0vclK3g=
modernc.org/cc/v3 v3.35.17/go.mod h1:iPJg1pkwXqAV16SNgFBVYmggfMg6xhs+2oiO0vclK3g=
modernc.org/cc/v3 v3.35.18/go.mod h1:iPJg1pkwXqAV16SNgFBVYmggfMg6xhs+2oiO0vclK3g=
modernc.org/cc/v3 v3.35.20/go.mod h1:iPJg1pkwXqAV16SNgFBVYmggfMg6xhs+2oiO0vclK3g=
modernc.org/cc/v3 v3.35.22/go.mod h1:iPJg1pkwXqAV16SNgFBVYmggfMg6xhs+2oiO0vclK3g=
modernc.org/ccgo/v3 v3.9.5/go.mod h1:umuo2EP2oDSBnD3ckjaVUXMrmeAw8C8OSICVa0iFf60=
modernc.org/ccgo/v3 v3.10.0/go.mod h1:c0yBmkRFi7uW4J7fwx/JiijwOjeAeR2NoSaRVFPmjMw=
modernc.org/ccgo/v3 v3.11.0/go.mod h1:dGNposbDp9TOZ/1KBxghxtUp/bzErD0/0QW4hhSaBMI=
modernc.org/ccgo/v3 v3.11.1/go.mod h1:lWHxfsn13L3f7hgGsGlU28D9eUOf6y3ZYHKoPaKU0ag=
modernc.org/ccgo/v3 v3.11.3/go.mod h1:0oHunRBMBiXOKdaglfMlRPBALQqsfrCKXgw9okQ3GEw=
modernc.org/ccgo/v3 v3.12.4/go.mod h1:Bk+m6m2tsooJchP/Yk5ji56cClmN6R1cqc9o/YtbgBQ=
modernc.org/ccgo/v3 v3.12.6/go.mod h1:0Ji3ruvpFPpz+yu+1m0wk68pdr/LENABhTrDkMDWH6c=
modernc.org/ccgo/v3 v3.12.8/go.mod h1:Hq9keM4ZfjCDuDXxaHptpv9N24JhgBZmUG5q60iLgUo=
modernc.org/ccgo/v3 v3.12.11/go.mod h1:0jVcmyDwDKDGWbcrzQ+xwJjbhZruHtouiBEvDfoIsdg=
modernc.org/ccgo/v3 v3.12.14/go.mod h1:GhTu1k0YCpJSuWwtRAEHAol5W7g1/RRfS4/9hc9vF5I=
modernc.org/ccgo/v3 v3.12.18/go.mod h1:jvg/xVdWWmZACSgOiAhpWpwHWylbJaSzayCqNOJKIhs=
modernc.org/ccgo/v3 v3.12.20/go.mod h1:aKEdssiu7gVgSy/jjMastnv/q6wWGRbszbheXgWRHc8=
modernc.org/ccgo/v3 v3.12.21/go.mod h1:ydgg2tEprnyMn159ZO/N4pLBqpL7NOkJ88GT5zNU2dE=
modernc.org/ccgo/v3 v3.12.22/go.mod h1:nyDVFMmMWhMsgQw+5JH6B6o4MnZ+UQNw1pp52XYFPRk=
modernc.org/ccgo/v3 v3.12.25/go.mod h1:UaLyWI26TwyIT4+ZFNjkyTbsPsY3plAEB6E7L/vZV3w=
modernc.org/ccgo/v3 v3.12.29/go.mod h1:FXVjG7YLf9FetsS2OOYcwNhcdOLGt8S9bQ48+OP75cE=
modernc.org/ccgo/v3 v3.12.36/go.mod h1:uP3/Fiezp/Ga8onfvMLpREq+KUjUmYMxXPO8tETHtA8=
modernc.org/ccgo/v3 v3.12.38/go.mod h1:93O0G7baRST1vNj4wnZ49b1kLxt0xCW5Hsa2qRaZPqc=
modernc.org/ccgo/v3 v3.12.43/go.mod h1:k+DqGXd3o7W+inNujK15S5ZYuPoWYLpF5PYougCmthU=
modernc.org/ccgo/v3 v3.12.46/go.mod h1:UZe6EvMSqOxaJ4sznY7b23/k13R8XNlyWsO5bAmSgOE=
modernc.org/ccgo/v3 v3.12.47/go.mod h1:m8d6p0zNps187fhBwzY/ii6gxfjob1VxWb919Nk1HUk=
modernc.org/ccgo/v3 v3.12.50/go.mod h1:bu9YIwtg+HXQxBhsRDE+cJjQRuINuT9PUK4orOco/JI=
modernc.org/ccgo/v3 v3.12.51/go.mod h1:gaIIlx4YpmGO2bLye04/yeblmvWEmE4BBBls4aJXFiE=
modernc.org/ccgo/v3 v3.12.53/go.mod h1:8xWGGTFkdFEWBEsUmi+DBjwu/WLy3SSOrqEmKUjMeEg=
modernc.org/ccgo/v3 v3.12.54/go.mod h1:yANKFTm9llTFVX1FqNKHE0aMcQb1fuPJx6p8AcUx+74=
modernc.org/ccgo/v3 v3.12.55/go.mod h1:rsXiIyJi9psOwiBkplOaHye5L4MOOaCjHg1Fxkj7IeU=
modernc.org/ccgo/v3 v3.12.56/go.mod h1:ljeFks3faDseCkr60JMpeDb2GSO3TKAmrzm7q9YOcMU=
modernc.org/ccgo/v3 v3.12.57/go.mod h1:hNSF4DNVgBl8wYHpMvPqQWDQx8luqxDnNGCMM4NFNMc=
modernc.org/ccgo/v3 v3.12.60/go.mod h1:k/Nn0zdO1xHVWjPYVshDeWKqbRWIfif5dtsIOCUVMqM=
modernc.org/ccgo/v3 v3.12.66/go.mod h1:jUuxlCFZTUZLMV08s7B1ekHX5+LIAurKTTaugUr/EhQ=
modernc.org/ccgo/v3 v3.12.67/go.mod h1:Bll3KwKvGROizP2Xj17GEGOTrlvB1XcVaBrC90ORO84=
modernc.org/ccgo/v3 v3.12.73/go.mod h1:hngkB+nUUqzOf3iqsM48Gf1FZhY599qzVg1iX+BT3cQ=
modernc.org/ccgo/v3 v3.12.81/go.mod h1:p2A1duHoBBg1mFtYvnhAnQyI6vL0uw5PGYLSIgF6rYY=
modernc.org/ccgo/v3 v3.12.84/go.mod h1:ApbflUfa5BKadjHynCficldU1ghjen84tuM5jRynB7w=
modernc.org/ccgo/v3 v3.12.86/go.mod h1:dN7S26DLTgVSni1PVA3KxxHTcykyDurf3OgUzNqTSrU=
modernc.org/ccgo/v3 v3.12.90/go.mod h1:obhSc3CdivCRpYZmrvO88TXlW0NvoSVvdh/ccRjJYko=
modernc.org/ccgo/v3 v3.12.92/go.mod h1:5yDdN7ti9KWPi5bRVWPl8UNhpEAtCjuEE7ayQnzzqHA=
modernc.org/ccgo/v3 v3.13.1/go.mod h1:aBYVOUfIlcSnrsRVU8VRS35y2DIfpgkmVkYZ0tpIXi4=
modernc.org/ccgo/v3 v3.15.9/go.mod h1:md59wBwDT2LznX/OTCPoVS6KIsdRgY8xqQwBV+hkTH0=
modernc.org/ccgo/v3 v3.15.10/go.mod h1:wQKxoFn0ynxMuCLfFD09c8XPUCc8obfchoVR9Cn0fI8=
modernc.org/ccgo/v3 v3.15.12/go.mod h1:VFePOWoCd8uDGRJpq/zfJ29D0EVzMSyID8LCMWYbX6I=
modernc.org/ccorpus v1.11.1/go.mod h1:2gEUTrWqdpH2pXsmTM1ZkjeSrUWDpjMu2T6m29L/ErQ=
modernc.org/httpfs v1.0.6/go.mod h1:7dosgurJGp0sPaRanU53W4xZYKh14wfzX420oZADeHM=
modernc.org/libc v1.9.8/go.mod h1:U1eq8YWr/Kc1RWCMFUWEdkTg8OTcfLw2kY8EDwl039w=
modernc.org/libc v1.9.11/go.mod h1:NyF3tsA5ArIjJ83XB0JlqhjTabTCHm9aX4XMPHyQn0Q=
modernc.org/libc v1.11.0/go.mod h1:2lOfPmj7cz+g1MrPNmX65QCzVxgNq2C5o0jdLY2gAYg=
modernc.org/libc v1.11.2/go.mod h1:ioIyrl3ETkugDO3SGZ+6EOKvlP3zSOycUETe4XM4n8M=
modernc.org/libc v1.11.5/go.mod h1:k3HDCP95A6U111Q5TmG3nAyUcp3kR5YFZTeDS9v8vSU=
modernc.org/libc v1.11.6/go.mod h1:ddqmzR6p5i4jIGK1d/EiSw97LBcE3dK24QEwCFvgNgE=
modernc.org/libc v1.11.11/go.mod h1:lXEp9QOOk4qAYOtL3BmMve99S5Owz7Qyowzvg6LiZso=
modernc.org/libc v1.11.13/go.mod h1:ZYawJWlXIzXy2Pzghaf7YfM8OKacP3eZQI81PDLFdY8=
modernc.org/libc v1.11.16/go.mod h1:+DJquzYi+DMRUtWI1YNxrlQO6TcA5+dRRiq8HWBWRC8=
modernc.org/libc v1.11.19/go.mod h1:e0dgEame6mkydy19KKaVPBeEnyJB4LGNb0bBH1EtQ3I=
modernc.org/libc v1.11.24/go.mod h1:FOSzE0UwookyT1TtCJrRkvsOrX2k38HoInhw+cSCUGk=
modernc.org/libc v1.11.26/go.mod h1:SFjnYi9OSd2W7f4ct622o/PAYqk7KHv6GS8NZULIjKY=
modernc.org/libc v1.11.27/go.mod h1:zmWm6kcFXt/jpzeCgfvUNswM0qke8qVwxqZrnddlDiE=
modernc.org/libc v1.11.28/go.mod h1:Ii4V0fTFcbq3qrv3CNn+OGHAvzqMBvC7dBNyC4vHZlg=
modernc.org/libc v1.11.31/go.mod h1:FpBncUkEAtopRNJj8aRo29qUiyx5AvAlAxzlx9GNaVM=
modernc.org/libc v1.11.34/go.mod h1:+Tzc4hnb1iaX/SKAutJmfzES6awxfU1BPvrrJO0pYLg=
modernc.org/libc v1.11.37/go.mod h1:dCQebOwoO1046yTrfUE5nX1f3YpGZQKNcITUYWlrAWo=
modernc.org/libc v1.11.39/go.mod h1:mV8lJMo2S5A31uD0k1cMu7vrJbSA3J3waQJxpV4iqx8=
modernc.org/libc v1.11.42/go.mod h1:yzrLDU+sSjLE+D4bIhS7q1L5UwXDOw99PLSX0BlZvSQ=
modernc.org/libc v1.11.44/go.mod h1:KFq33jsma7F5WXiYelU8quMJasCCTnHK0mkri4yPHgA=
modernc.org/libc v1.11.45/go.mod h1:Y192orvfVQQYFzCNsn+Xt0Hxt4DiO4USpLNXBlXg/tM=
modernc.org/libc v1.11.47/go.mod h1:tPkE4PzCTW27E6AIKIR5IwHAQKCAtudEIeAV1/SiyBg=
modernc.org/libc v1.11.49/go.mod h1:9JrJuK5WTtoTWIFQ7QjX2Mb/bagYdZdscI3xrvHbXjE=
modernc.org/libc v1.11.51/go.mod h1:R9I8u9TS+meaWLdbfQhq2kFknTW0O3aw3kEMqDDxMaM=
modernc.org/libc v1.11.53/go.mod h1:5ip5vWYPAoMulkQ5XlSJTy12Sz5U6blOQiYasilVPsU=
modernc.org/libc v1.11.54/go.mod h1:S/FVnskbzVUrjfBqlGFIPA5m7UwB3n9fojHhCNfSsnw=
modernc.org/libc v1.11.55/go.mod h1:j2A5YBRm6HjNkoSs/fzZrSxCuwWqcMYTDPLNx0URn3M=
modernc.org/libc v1.11.56/go.mod h1:pakHkg5JdMLt2OgRadpPOTnyRXm/uzu+Yyg/LSLdi18=
modernc.org/libc v1.11.58/go.mod h1:ns94Rxv0OWyoQrDqMFfWwka2BcaF6/61CqJRK9LP7S8=
modernc.org/libc v1.11.71/go.mod h1:DUOmMYe+IvKi9n6Mycyx3DbjfzSKrdr/0Vgt3j7P5gw=
modernc.org/libc v1.11.75/go.mod h1:dGRVugT6edz361wmD9gk6ax1AbDSe0x5vji0dGJiPT0=
modernc.org/libc v1.11.82/go.mod h1:NF+Ek1BOl2jeC7lw3a7Jj5PWyHPwWD4aq3wVKxqV1fI=
modernc.org/libc v1.11.86/go.mod h1:ePuYgoQLmvxdNT06RpGnaDKJmDNEkV7ZPKI2jnsvZoE=
modernc.org/libc v1.11.87/go.mod h1:Qvd5iXTeLhI5PS0XSyqMY99282y+3euapQFxM7jYnpY=
modernc.org/libc v1.11.88/go.mod h1:h3oIVe8dxmTcchcFuCcJ4nAWaoiwzKCdv82MM0oiIdQ=
modernc.org/libc v1.11.98/go.mod h1:ynK5sbjsU77AP+nn61+k+wxUGRx9rOFcIqWYYMaDZ4c=
modernc.org/libc v1.11.101/go.mod h1:wLLYgEiY2D17NbBOEp+mIJJJBGSiy7fLL4ZrGGZ+8jI=
modernc.org/libc v1.12.0/go.mod h1:2MH3DaF/gCU8i/UBiVE1VFRos4o523M7zipmwH8SIgQ=
modernc.org/libc v1.14.1/go.mod h1:npFeGWjmZTjFeWALQLrvklVmAxv4m80jnG3+xI8FdJk=
modernc.org/libc v1.14.2/go.mod h1:MX1GBLnRLNdvmK9azU9LCxZ5lMyhrbEMK8rG3X/Fe34=
modernc.org/libc v1.14.3/go.mod h1:GPIvQVOVPizzlqyRX3l756/3ppsAgg1QgPxjr5Q4agQ=
modernc.org/libc v1.14.5/go.mod h1:2PJHINagVxO4QW/5OQdRrvMYo+bm5ClpUFfyXCYl9ak=
modernc.org/libc v1.19.0 h1:bXyVhGQg6KIClTr8FMVIDPl7jtbcs7aS5WP7vLDaxPs=
modernc.org/libc v1.19.0/go.mod h1:ZRfIaEkgrYgZDl6pa4W39HgN5G/yDW+NRmNKZBDFrk0=
modernc.org/mathutil v1.1.1/go.mod h1:mZW8CKdRPY1v87qxC/wUdX5O1qDzXMP5TH3wjfpga6E=
modernc.org/mathutil v1.2.2/go.mod h1:mZW8CKdRPY1v87qxC/wUdX5O1qDzXMP5TH3wjfpga6E=
modernc.org/mathutil v1.4.0/go.mod h1:mZW8CKdRPY1v87qxC/wUdX5O1qDzXMP5TH3wjfpga6E=
modernc.org/mathutil v1.4.1/go.mod h1:mZW8CKdRPY1v87qxC/wUdX5O1qDzXMP5TH3wjfpga6E=
modernc.org/mathutil v1.5.0 h1:rV0Ko/6SfM+8G+yKiyI830l3Wuz1zRutdslNoQ0kfiQ=
modernc.org/mathutil v1.5.0/go.mod h1:mZW8CKdRPY1v87qxC/wUdX5O1qDzXMP5TH3wjfpga6E=
modernc.org/memory v1.0.4/go.mod h1:nV2OApxradM3/OVbs2/0OsP6nPfakXpi50C7dcoHXlc=
modernc.org/memory v1.0.5/go.mod h1:B7OYswTRnfGg+4tDH1t1OeUNnsy2viGTdME4tzd+IjM=
modernc.org/memory v1.4.0 h1:crykUfNSnMAXaOJnnxcSzbUGMqkLWjklJKkBK2nwZwk=
modernc.org/memory v1.4.0/go.mod h1:PkUhL0Mugw21sHPeskwZW4D6VscE/GQJOnIpCnW6pSU=
modernc.org/opt v0.1.1/go.mod h1:WdSiB5evDcignE70guQKxYUl14mgWtbClRi5wmkkTX0=
modernc.org/strutil v1.1.1/go.mod h1:DE+MQQ/hjKBZS2zNInV5hhcipt5rLPWkmpbGeW5mmdw=
modernc.org/token v1.0.0/go.mod h1:UGzOrNV1mAFSEB63lOFHIpNRUVMvYTc6yu1SMY/XTDM=
