github.com/FloatTech/sqlite v1.6.3 h1:MQkqBNlkPuCoKQQgoNLuTL/2Ci3tBTFAnVYBdD0Wy4M=
github.com/FloatTech/sqlite v1.6.3/go.mod h1:zFbHzRfB+CJ+VidfjuVbrcin3DAz283F7hF1hIeHzpY=
github.com/FloatTech/ttl v0.0.0-20220715042055-15612be72f5b h1:tvciXWq2nuvTbFeJGLDNIdRX3BI546D3O7k7vrVueZw=
github.com/FloatTech/ttl v0.0.0-20220715042055-15612be72f5b/go.mod h1:fHZFWGquNXuHttu9dUYoKuNbm3dzLETnIOnm1muSfDs=
github.com/davecgh/go-spew v1.1.0/go.mod h1:J7Y8YcW2NihsgmVo/mv3lAwl/skON4iLHjSsI+c5H38=
github.com/davecgh/go-spew v1.1.1 h1:vj9j/u1bqnvCEfJOwUhtlOARqs3+rkHYY13jYWTU97c=
github.com/davecgh/go-spew v1.1.1/go.mod h1:J7Y8YcW2NihsgmVo/mv3lAwl/skON4iLHjSsI+c5H38=
github.com/fumiama/bigfft v0.0.0-20211011143303-6e0bfa3c836b h1:Zt3pFQditAdWTHCOVkiloc9ZauBoWrb37guFV4iIRvE=
github.com/fumiama/bigfft v0.0.0-20211011143303-6e0bfa3c836b/go.mod h1:qqbHyh8v60DhA7CoWK5oRCqLrMHRGoxYCSS9EjAz6Eo=
github.com/fumiama/sqlite3 v1.20.0-with-win386 h1:ZR1AXGBEtkfq9GAXehOVcwn+aaCG8itrkgEsz4ggx5k=
github.com/fumiama/sqlite3 v1.20.0-with-win386/go.mod h1:Os58MHwYCcYZCy2PGChBrQtBAw5/LS1ZZOkfc+C/I7s=
github.com/google/uuid v1.3.0 h1:t6JiXgmwXMjEs8VusXIJk2BXHsn+wx8BZdTaoZ5fu7I=
github.com/google/uuid v1.3.0/go.mod h1:TIyPZe4MgqvfeYDBFedMoGGpEw/LqOeaOT+nhxU+yHo=
github.com/mattn/go-isatty v0.0.16 h1:bq3VjFmv/sOjHtdEhmkEV4x1AJtvUvOJ2PFAZ5+peKQ=
github.com/mattn/go-isatty v0.0.16/go.mod h1:kYGgaQfpe5nmfYZH+SKPsOc2e4SrIfOl2e/yFXSvRLM=
github.com/pmezard/go-difflib v1.0.0 h1:4DBwDE0NGyQoBHbLQYPwSUPoCMWR5BEzIk/f1lZbAQM=
github.com/pmezard/go-difflib v1.0.0/go.mod h1:iKH77koFhYxTK1pcRnkKkqfTogsbg7gZNVY4sRDYZ/4=
github.com/sirupsen/logrus v1.9.3 h1:dueUQJ1C2q9oE3F7wvmSGAaVtTmUizReu6fjN8uqzbQ=
github.com/sirupsen/logrus v1.9.3/go.mod h1:naHLuLoDiP4jHNo9R0sCBMtWGeIprob74mVsIT4qYEQ=
github.com/stretchr/objx v0.1.0/go.mod h1:HFkY916IF+rwdDfMAkV7OtwuqBVzrE8GR6GFx+wExME=
github.com/stretchr/testify v1.7.0/go.mod h1:6Fq8oRcR53rry900zMqJjRRixrwX3KX962/h/Wwjteg=
github.com/stretchr/testify v1.8.1 h1:w7B6lhMri9wdJUVmEZPGGhZzrYTPvgJArz7wNPgYKsk=
github.com/wdvxdr1123/ZeroBot v1.7.5-0.20240501144516-eb574bbdad32 h1:GuVwh4uGtDegpKNgSkcqpbISLAn5nCpqoGxXmiEv4iI=
github.com/wdvxdr1123/ZeroBot v1.7.5-0.20240501144516-eb574bbdad32/go.mod h1:J6uHaXS/Am2VsLxF9TcU6il19PbOeC4SvgxHJ1E2jaE=
golang.org/x/sys v0.0.0-20220715151400-c0bba94af5f8/go.mod h1:oPkhp1MJrh7nUepCBck5+mAzfO9JrbApNNgaTdGDITg=
golang.org/x/sys v0.0.0-20220811171246-fbc7d0a398ab h1:2QkjZIsXupsJbJIdSjjUOgWK3aEtzyuh2mPt3l/CkeU=
golang.org/x/sys v0.0.0-20220811171246-fbc7d0a398ab/go.mod h1:oPkhp1MJrh7nUepCBck5+mAzfO9JrbApNNgaTdGDITg=
gopkg.in/check.v1 v0.0.0-20161208181325-20d25e280405/go.mod h1:Co6ibVJAznAaIkqp8huTwlJQCZ016jof/cbN4VW5Yz0=
gopkg.in/yaml.v3 v3.0.0-20200313102051-9f266ea9e77c/go.mod h1:K4uyk7z7BCEPqu6E+C64Yfv1cQ7kz7rIZviUmN+EgEM=
gopkg.in/yaml.v3 v3.0.1 h1:fxVm/GzAzEWqLHuvctI91KS9hhNmmWOoWu0XTYJS7CA=
modernc.org/libc v1.21.5 h1:xBkU9fnHV+hvZuPSRszN0AXDG4M7nwPLwTWwkYcvLCI=
modernc.org/libc v1.21.5/go.mod h1:przBsL5RDOZajTVslkugzLBj1evTue36jEomFQOoYuI=
modernc.org/mathutil v1.5.0 h1:rV0Ko/6SfM+8G+yKiyI830l3Wuz1zRutdslNoQ0kfiQ=
modernc.org/mathutil v1.5.0/go.mod h1:mZW8CKdRPY1v87qxC/wUdX5O1qDzXMP5TH3wjfpga6E=
modernc.org/memory v1.4.0 h1:crykUfNSnMAXaOJnnxcSzbUGMqkLWjklJKkBK2nwZwk=
modernc.org/memory v1.4.0/go.mod h1:PkUhL0Mugw21sHPeskwZW4D6VscE/GQJOnIpCnW6pSU=
